// !$*UTF8*$!
{
	archiveVersion = 1;
	classes = {
	};
	objectVersion = 46;
	objects = {

/* Begin PBXBuildFile section */
		4757A17019004969001F2112 /* PNGameOverScene.m in Sources */ = {isa = PBXBuildFile; fileRef = 4757A16F19004969001F2112 /* PNGameOverScene.m */; };
		4757A173190136D5001F2112 /* PNMainMenuScene.m in Sources */ = {isa = PBXBuildFile; fileRef = 4757A172190136D5001F2112 /* PNMainMenuScene.m */; };
		4757A17619014779001F2112 /* Crashlytics.framework in Frameworks */ = {isa = PBXBuildFile; fileRef = 4757A17519014779001F2112 /* Crashlytics.framework */; };
		47595F3718F14D1A00F2EF9A /* background (Charlie Fulton's conflicted copy 2013-10-22).png in Resources */ = {isa = PBXBuildFile; fileRef = 47595F1A18F14D1A00F2EF9A /* background (Charlie Fulton's conflicted copy 2013-10-22).png */; };
		47595F3818F14D1A00F2EF9A /* background.png in Resources */ = {isa = PBXBuildFile; fileRef = 47595F1B18F14D1A00F2EF9A /* background.png */; };
		47595F3918F14D1A00F2EF9A /* background@2x (Charlie Fulton's conflicted copy 2013-10-22).png in Resources */ = {isa = PBXBuildFile; fileRef = 47595F1C18F14D1A00F2EF9A /* background@2x (Charlie Fulton's conflicted copy 2013-10-22).png */; };
		47595F3A18F14D1A00F2EF9A /* background@2x.png in Resources */ = {isa = PBXBuildFile; fileRef = 47595F1D18F14D1A00F2EF9A /* background@2x.png */; };
		47595F3B18F14D1A00F2EF9A /* MainMenu.png in Resources */ = {isa = PBXBuildFile; fileRef = 47595F1E18F14D1A00F2EF9A /* MainMenu.png */; };
		47595F3C18F14D1A00F2EF9A /* MainMenu@2x.png in Resources */ = {isa = PBXBuildFile; fileRef = 47595F1F18F14D1A00F2EF9A /* MainMenu@2x.png */; };
		47595F3D18F14D1A00F2EF9A /* YouLose.png in Resources */ = {isa = PBXBuildFile; fileRef = 47595F2018F14D1A00F2EF9A /* YouLose.png */; };
		47595F3E18F14D1A00F2EF9A /* YouLose@2x.png in Resources */ = {isa = PBXBuildFile; fileRef = 47595F2118F14D1A00F2EF9A /* YouLose@2x.png */; };
		47595F3F18F14D1A00F2EF9A /* YouWin.png in Resources */ = {isa = PBXBuildFile; fileRef = 47595F2218F14D1A00F2EF9A /* YouWin.png */; };
		47595F4018F14D1A00F2EF9A /* YouWin@2x.png in Resources */ = {isa = PBXBuildFile; fileRef = 47595F2318F14D1A00F2EF9A /* YouWin@2x.png */; };
		47595F4118F14D1A00F2EF9A /* bgMusic.mp3 in Resources */ = {isa = PBXBuildFile; fileRef = 47595F2518F14D1A00F2EF9A /* bgMusic.mp3 */; };
		47595F4218F14D1A00F2EF9A /* hitCat.wav in Resources */ = {isa = PBXBuildFile; fileRef = 47595F2618F14D1A00F2EF9A /* hitCat.wav */; };
		47595F4318F14D1A00F2EF9A /* hitCatLady.wav in Resources */ = {isa = PBXBuildFile; fileRef = 47595F2718F14D1A00F2EF9A /* hitCatLady.wav */; };
		47595F4418F14D1A00F2EF9A /* lose.wav in Resources */ = {isa = PBXBuildFile; fileRef = 47595F2818F14D1A00F2EF9A /* lose.wav */; };
		47595F4518F14D1A00F2EF9A /* win.wav in Resources */ = {isa = PBXBuildFile; fileRef = 47595F2918F14D1A00F2EF9A /* win.wav */; };
		47595F4618F14D1A00F2EF9A /* cat.png in Resources */ = {isa = PBXBuildFile; fileRef = 47595F2B18F14D1A00F2EF9A /* cat.png */; };
		47595F4718F14D1A00F2EF9A /* cat@2x.png in Resources */ = {isa = PBXBuildFile; fileRef = 47595F2C18F14D1A00F2EF9A /* cat@2x.png */; };
		47595F4818F14D1A00F2EF9A /* enemy.png in Resources */ = {isa = PBXBuildFile; fileRef = 47595F2D18F14D1A00F2EF9A /* enemy.png */; };
		47595F4918F14D1A00F2EF9A /* enemy@2x.png in Resources */ = {isa = PBXBuildFile; fileRef = 47595F2E18F14D1A00F2EF9A /* enemy@2x.png */; };
		47595F4A18F14D1A00F2EF9A /* zombie1.png in Resources */ = {isa = PBXBuildFile; fileRef = 47595F2F18F14D1A00F2EF9A /* zombie1.png */; };
		47595F4B18F14D1A00F2EF9A /* zombie1@2x.png in Resources */ = {isa = PBXBuildFile; fileRef = 47595F3018F14D1A00F2EF9A /* zombie1@2x.png */; };
		47595F4C18F14D1A00F2EF9A /* zombie2.png in Resources */ = {isa = PBXBuildFile; fileRef = 47595F3118F14D1A00F2EF9A /* zombie2.png */; };
		47595F4D18F14D1A00F2EF9A /* zombie2@2x.png in Resources */ = {isa = PBXBuildFile; fileRef = 47595F3218F14D1A00F2EF9A /* zombie2@2x.png */; };
		47595F4E18F14D1A00F2EF9A /* zombie3.png in Resources */ = {isa = PBXBuildFile; fileRef = 47595F3318F14D1A00F2EF9A /* zombie3.png */; };
		47595F4F18F14D1A00F2EF9A /* zombie3@2x.png in Resources */ = {isa = PBXBuildFile; fileRef = 47595F3418F14D1A00F2EF9A /* zombie3@2x.png */; };
		47595F5018F14D1A00F2EF9A /* zombie4.png in Resources */ = {isa = PBXBuildFile; fileRef = 47595F3518F14D1A00F2EF9A /* zombie4.png */; };
		47595F5118F14D1A00F2EF9A /* zombie4@2x.png in Resources */ = {isa = PBXBuildFile; fileRef = 47595F3618F14D1A00F2EF9A /* zombie4@2x.png */; };
		47C0BB0D18EDFA0600F863D4 /* Foundation.framework in Frameworks */ = {isa = PBXBuildFile; fileRef = 47C0BB0C18EDFA0600F863D4 /* Foundation.framework */; };
		47C0BB0F18EDFA0600F863D4 /* CoreGraphics.framework in Frameworks */ = {isa = PBXBuildFile; fileRef = 47C0BB0E18EDFA0600F863D4 /* CoreGraphics.framework */; };
		47C0BB1118EDFA0600F863D4 /* UIKit.framework in Frameworks */ = {isa = PBXBuildFile; fileRef = 47C0BB1018EDFA0600F863D4 /* UIKit.framework */; };
		47C0BB1318EDFA0600F863D4 /* SpriteKit.framework in Frameworks */ = {isa = PBXBuildFile; fileRef = 47C0BB1218EDFA0600F863D4 /* SpriteKit.framework */; };
		47C0BB1918EDFA0600F863D4 /* InfoPlist.strings in Resources */ = {isa = PBXBuildFile; fileRef = 47C0BB1718EDFA0600F863D4 /* InfoPlist.strings */; };
		47C0BB1B18EDFA0600F863D4 /* main.m in Sources */ = {isa = PBXBuildFile; fileRef = 47C0BB1A18EDFA0600F863D4 /* main.m */; };
		47C0BB1F18EDFA0600F863D4 /* PNAppDelegate.m in Sources */ = {isa = PBXBuildFile; fileRef = 47C0BB1E18EDFA0600F863D4 /* PNAppDelegate.m */; };
		47C0BB2218EDFA0600F863D4 /* Main.storyboard in Resources */ = {isa = PBXBuildFile; fileRef = 47C0BB2018EDFA0600F863D4 /* Main.storyboard */; };
		47C0BB2518EDFA0600F863D4 /* PNViewController.m in Sources */ = {isa = PBXBuildFile; fileRef = 47C0BB2418EDFA0600F863D4 /* PNViewController.m */; };
		47C0BB2818EDFA0600F863D4 /* PNMyScene.m in Sources */ = {isa = PBXBuildFile; fileRef = 47C0BB2718EDFA0600F863D4 /* PNMyScene.m */; };
		47C0BB2C18EDFA0600F863D4 /* Images.xcassets in Resources */ = {isa = PBXBuildFile; fileRef = 47C0BB2B18EDFA0600F863D4 /* Images.xcassets */; };
		47C0BB3318EDFA0600F863D4 /* XCTest.framework in Frameworks */ = {isa = PBXBuildFile; fileRef = 47C0BB3218EDFA0600F863D4 /* XCTest.framework */; };
		47C0BB3418EDFA0600F863D4 /* Foundation.framework in Frameworks */ = {isa = PBXBuildFile; fileRef = 47C0BB0C18EDFA0600F863D4 /* Foundation.framework */; };
		47C0BB3518EDFA0600F863D4 /* UIKit.framework in Frameworks */ = {isa = PBXBuildFile; fileRef = 47C0BB1018EDFA0600F863D4 /* UIKit.framework */; };
		47C0BB3D18EDFA0600F863D4 /* InfoPlist.strings in Resources */ = {isa = PBXBuildFile; fileRef = 47C0BB3B18EDFA0600F863D4 /* InfoPlist.strings */; };
		47C0BB3F18EDFA0600F863D4 /* ZombieCongaTests.m in Sources */ = {isa = PBXBuildFile; fileRef = 47C0BB3E18EDFA0600F863D4 /* ZombieCongaTests.m */; };
/* End PBXBuildFile section */

/* Begin PBXContainerItemProxy section */
		47C0BB3618EDFA0600F863D4 /* PBXContainerItemProxy */ = {
			isa = PBXContainerItemProxy;
			containerPortal = 47C0BB0118EDFA0600F863D4 /* Project object */;
			proxyType = 1;
			remoteGlobalIDString = 47C0BB0818EDFA0600F863D4;
			remoteInfo = ZombieConga;
		};
/* End PBXContainerItemProxy section */

/* Begin PBXFileReference section */
		4757A16E19004969001F2112 /* PNGameOverScene.h */ = {isa = PBXFileReference; fileEncoding = 4; lastKnownFileType = sourcecode.c.h; path = PNGameOverScene.h; sourceTree = "<group>"; };
		4757A16F19004969001F2112 /* PNGameOverScene.m */ = {isa = PBXFileReference; fileEncoding = 4; lastKnownFileType = sourcecode.c.objc; path = PNGameOverScene.m; sourceTree = "<group>"; };
		4757A171190136D5001F2112 /* PNMainMenuScene.h */ = {isa = PBXFileReference; fileEncoding = 4; lastKnownFileType = sourcecode.c.h; path = PNMainMenuScene.h; sourceTree = "<group>"; };
		4757A172190136D5001F2112 /* PNMainMenuScene.m */ = {isa = PBXFileReference; fileEncoding = 4; lastKnownFileType = sourcecode.c.objc; path = PNMainMenuScene.m; sourceTree = "<group>"; };
		4757A17519014779001F2112 /* Crashlytics.framework */ = {isa = PBXFileReference; lastKnownFileType = wrapper.framework; path = Crashlytics.framework; sourceTree = "<group>"; };
		47595F1A18F14D1A00F2EF9A /* background (Charlie Fulton's conflicted copy 2013-10-22).png */ = {isa = PBXFileReference; lastKnownFileType = image.png; path = "background (Charlie Fulton's conflicted copy 2013-10-22).png"; sourceTree = "<group>"; };
		47595F1B18F14D1A00F2EF9A /* background.png */ = {isa = PBXFileReference; lastKnownFileType = image.png; path = background.png; sourceTree = "<group>"; };
		47595F1C18F14D1A00F2EF9A /* background@2x (Charlie Fulton's conflicted copy 2013-10-22).png */ = {isa = PBXFileReference; lastKnownFileType = image.png; path = "background@2x (Charlie Fulton's conflicted copy 2013-10-22).png"; sourceTree = "<group>"; };
		47595F1D18F14D1A00F2EF9A /* background@2x.png */ = {isa = PBXFileReference; lastKnownFileType = image.png; path = "background@2x.png"; sourceTree = "<group>"; };
		47595F1E18F14D1A00F2EF9A /* MainMenu.png */ = {isa = PBXFileReference; lastKnownFileType = image.png; path = MainMenu.png; sourceTree = "<group>"; };
		47595F1F18F14D1A00F2EF9A /* MainMenu@2x.png */ = {isa = PBXFileReference; lastKnownFileType = image.png; path = "MainMenu@2x.png"; sourceTree = "<group>"; };
		47595F2018F14D1A00F2EF9A /* YouLose.png */ = {isa = PBXFileReference; lastKnownFileType = image.png; path = YouLose.png; sourceTree = "<group>"; };
		47595F2118F14D1A00F2EF9A /* YouLose@2x.png */ = {isa = PBXFileReference; lastKnownFileType = image.png; path = "YouLose@2x.png"; sourceTree = "<group>"; };
		47595F2218F14D1A00F2EF9A /* YouWin.png */ = {isa = PBXFileReference; lastKnownFileType = image.png; path = YouWin.png; sourceTree = "<group>"; };
		47595F2318F14D1A00F2EF9A /* YouWin@2x.png */ = {isa = PBXFileReference; lastKnownFileType = image.png; path = "YouWin@2x.png"; sourceTree = "<group>"; };
		47595F2518F14D1A00F2EF9A /* bgMusic.mp3 */ = {isa = PBXFileReference; lastKnownFileType = audio.mp3; path = bgMusic.mp3; sourceTree = "<group>"; };
		47595F2618F14D1A00F2EF9A /* hitCat.wav */ = {isa = PBXFileReference; lastKnownFileType = audio.wav; path = hitCat.wav; sourceTree = "<group>"; };
		47595F2718F14D1A00F2EF9A /* hitCatLady.wav */ = {isa = PBXFileReference; lastKnownFileType = audio.wav; path = hitCatLady.wav; sourceTree = "<group>"; };
		47595F2818F14D1A00F2EF9A /* lose.wav */ = {isa = PBXFileReference; lastKnownFileType = audio.wav; path = lose.wav; sourceTree = "<group>"; };
		47595F2918F14D1A00F2EF9A /* win.wav */ = {isa = PBXFileReference; lastKnownFileType = audio.wav; path = win.wav; sourceTree = "<group>"; };
		47595F2B18F14D1A00F2EF9A /* cat.png */ = {isa = PBXFileReference; lastKnownFileType = image.png; path = cat.png; sourceTree = "<group>"; };
		47595F2C18F14D1A00F2EF9A /* cat@2x.png */ = {isa = PBXFileReference; lastKnownFileType = image.png; path = "cat@2x.png"; sourceTree = "<group>"; };
		47595F2D18F14D1A00F2EF9A /* enemy.png */ = {isa = PBXFileReference; lastKnownFileType = image.png; path = enemy.png; sourceTree = "<group>"; };
		47595F2E18F14D1A00F2EF9A /* enemy@2x.png */ = {isa = PBXFileReference; lastKnownFileType = image.png; path = "enemy@2x.png"; sourceTree = "<group>"; };
		47595F2F18F14D1A00F2EF9A /* zombie1.png */ = {isa = PBXFileReference; lastKnownFileType = image.png; path = zombie1.png; sourceTree = "<group>"; };
		47595F3018F14D1A00F2EF9A /* zombie1@2x.png */ = {isa = PBXFileReference; lastKnownFileType = image.png; path = "zombie1@2x.png"; sourceTree = "<group>"; };
		47595F3118F14D1A00F2EF9A /* zombie2.png */ = {isa = PBXFileReference; lastKnownFileType = image.png; path = zombie2.png; sourceTree = "<group>"; };
		47595F3218F14D1A00F2EF9A /* zombie2@2x.png */ = {isa = PBXFileReference; lastKnownFileType = image.png; path = "zombie2@2x.png"; sourceTree = "<group>"; };
		47595F3318F14D1A00F2EF9A /* zombie3.png */ = {isa = PBXFileReference; lastKnownFileType = image.png; path = zombie3.png; sourceTree = "<group>"; };
		47595F3418F14D1A00F2EF9A /* zombie3@2x.png */ = {isa = PBXFileReference; lastKnownFileType = image.png; path = "zombie3@2x.png"; sourceTree = "<group>"; };
		47595F3518F14D1A00F2EF9A /* zombie4.png */ = {isa = PBXFileReference; lastKnownFileType = image.png; path = zombie4.png; sourceTree = "<group>"; };
		47595F3618F14D1A00F2EF9A /* zombie4@2x.png */ = {isa = PBXFileReference; lastKnownFileType = image.png; path = "zombie4@2x.png"; sourceTree = "<group>"; };
		47C0BB0918EDFA0600F863D4 /* ZombieConga.app */ = {isa = PBXFileReference; explicitFileType = wrapper.application; includeInIndex = 0; path = ZombieConga.app; sourceTree = BUILT_PRODUCTS_DIR; };
		47C0BB0C18EDFA0600F863D4 /* Foundation.framework */ = {isa = PBXFileReference; lastKnownFileType = wrapper.framework; name = Foundation.framework; path = System/Library/Frameworks/Foundation.framework; sourceTree = SDKROOT; };
		47C0BB0E18EDFA0600F863D4 /* CoreGraphics.framework */ = {isa = PBXFileReference; lastKnownFileType = wrapper.framework; name = CoreGraphics.framework; path = System/Library/Frameworks/CoreGraphics.framework; sourceTree = SDKROOT; };
		47C0BB1018EDFA0600F863D4 /* UIKit.framework */ = {isa = PBXFileReference; lastKnownFileType = wrapper.framework; name = UIKit.framework; path = System/Library/Frameworks/UIKit.framework; sourceTree = SDKROOT; };
		47C0BB1218EDFA0600F863D4 /* SpriteKit.framework */ = {isa = PBXFileReference; lastKnownFileType = wrapper.framework; name = SpriteKit.framework; path = System/Library/Frameworks/SpriteKit.framework; sourceTree = SDKROOT; };
		47C0BB1618EDFA0600F863D4 /* ZombieConga-Info.plist */ = {isa = PBXFileReference; lastKnownFileType = text.plist.xml; path = "ZombieConga-Info.plist"; sourceTree = "<group>"; };
		47C0BB1818EDFA0600F863D4 /* en */ = {isa = PBXFileReference; lastKnownFileType = text.plist.strings; name = en; path = en.lproj/InfoPlist.strings; sourceTree = "<group>"; };
		47C0BB1A18EDFA0600F863D4 /* main.m */ = {isa = PBXFileReference; lastKnownFileType = sourcecode.c.objc; path = main.m; sourceTree = "<group>"; };
		47C0BB1C18EDFA0600F863D4 /* ZombieConga-Prefix.pch */ = {isa = PBXFileReference; lastKnownFileType = sourcecode.c.h; path = "ZombieConga-Prefix.pch"; sourceTree = "<group>"; };
		47C0BB1D18EDFA0600F863D4 /* PNAppDelegate.h */ = {isa = PBXFileReference; lastKnownFileType = sourcecode.c.h; path = PNAppDelegate.h; sourceTree = "<group>"; };
		47C0BB1E18EDFA0600F863D4 /* PNAppDelegate.m */ = {isa = PBXFileReference; lastKnownFileType = sourcecode.c.objc; path = PNAppDelegate.m; sourceTree = "<group>"; };
		47C0BB2118EDFA0600F863D4 /* Base */ = {isa = PBXFileReference; lastKnownFileType = file.storyboard; name = Base; path = Base.lproj/Main.storyboard; sourceTree = "<group>"; };
		47C0BB2318EDFA0600F863D4 /* PNViewController.h */ = {isa = PBXFileReference; lastKnownFileType = sourcecode.c.h; path = PNViewController.h; sourceTree = "<group>"; };
		47C0BB2418EDFA0600F863D4 /* PNViewController.m */ = {isa = PBXFileReference; lastKnownFileType = sourcecode.c.objc; path = PNViewController.m; sourceTree = "<group>"; };
		47C0BB2618EDFA0600F863D4 /* PNMyScene.h */ = {isa = PBXFileReference; lastKnownFileType = sourcecode.c.h; path = PNMyScene.h; sourceTree = "<group>"; };
		47C0BB2718EDFA0600F863D4 /* PNMyScene.m */ = {isa = PBXFileReference; lastKnownFileType = sourcecode.c.objc; path = PNMyScene.m; sourceTree = "<group>"; };
		47C0BB2B18EDFA0600F863D4 /* Images.xcassets */ = {isa = PBXFileReference; lastKnownFileType = folder.assetcatalog; path = Images.xcassets; sourceTree = "<group>"; };
		47C0BB3118EDFA0600F863D4 /* ZombieCongaTests.xctest */ = {isa = PBXFileReference; explicitFileType = wrapper.cfbundle; includeInIndex = 0; path = ZombieCongaTests.xctest; sourceTree = BUILT_PRODUCTS_DIR; };
		47C0BB3218EDFA0600F863D4 /* XCTest.framework */ = {isa = PBXFileReference; lastKnownFileType = wrapper.framework; name = XCTest.framework; path = Library/Frameworks/XCTest.framework; sourceTree = DEVELOPER_DIR; };
		47C0BB3A18EDFA0600F863D4 /* ZombieCongaTests-Info.plist */ = {isa = PBXFileReference; lastKnownFileType = text.plist.xml; path = "ZombieCongaTests-Info.plist"; sourceTree = "<group>"; };
		47C0BB3C18EDFA0600F863D4 /* en */ = {isa = PBXFileReference; lastKnownFileType = text.plist.strings; name = en; path = en.lproj/InfoPlist.strings; sourceTree = "<group>"; };
		47C0BB3E18EDFA0600F863D4 /* ZombieCongaTests.m */ = {isa = PBXFileReference; lastKnownFileType = sourcecode.c.objc; path = ZombieCongaTests.m; sourceTree = "<group>"; };
/* End PBXFileReference section */

/* Begin PBXFrameworksBuildPhase section */
		47C0BB0618EDFA0600F863D4 /* Frameworks */ = {
			isa = PBXFrameworksBuildPhase;
			buildActionMask = 2147483647;
			files = (
				47C0BB0F18EDFA0600F863D4 /* CoreGraphics.framework in Frameworks */,
				4757A17619014779001F2112 /* Crashlytics.framework in Frameworks */,
				47C0BB1118EDFA0600F863D4 /* UIKit.framework in Frameworks */,
				47C0BB1318EDFA0600F863D4 /* SpriteKit.framework in Frameworks */,
				47C0BB0D18EDFA0600F863D4 /* Foundation.framework in Frameworks */,
			);
			runOnlyForDeploymentPostprocessing = 0;
		};
		47C0BB2E18EDFA0600F863D4 /* Frameworks */ = {
			isa = PBXFrameworksBuildPhase;
			buildActionMask = 2147483647;
			files = (
				47C0BB3318EDFA0600F863D4 /* XCTest.framework in Frameworks */,
				47C0BB3518EDFA0600F863D4 /* UIKit.framework in Frameworks */,
				47C0BB3418EDFA0600F863D4 /* Foundation.framework in Frameworks */,
			);
			runOnlyForDeploymentPostprocessing = 0;
		};
/* End PBXFrameworksBuildPhase section */

/* Begin PBXGroup section */
		47595F1818F14D1A00F2EF9A /* Art */ = {
			isa = PBXGroup;
			children = (
				47595F1918F14D1A00F2EF9A /* Backgrounds */,
				47595F2418F14D1A00F2EF9A /* Sounds */,
				47595F2A18F14D1A00F2EF9A /* sprites */,
			);
			path = Art;
			sourceTree = "<group>";
		};
		47595F1918F14D1A00F2EF9A /* Backgrounds */ = {
			isa = PBXGroup;
			children = (
				47595F1A18F14D1A00F2EF9A /* background (Charlie Fulton's conflicted copy 2013-10-22).png */,
				47595F1B18F14D1A00F2EF9A /* background.png */,
				47595F1C18F14D1A00F2EF9A /* background@2x (Charlie Fulton's conflicted copy 2013-10-22).png */,
				47595F1D18F14D1A00F2EF9A /* background@2x.png */,
				47595F1E18F14D1A00F2EF9A /* MainMenu.png */,
				47595F1F18F14D1A00F2EF9A /* MainMenu@2x.png */,
				47595F2018F14D1A00F2EF9A /* YouLose.png */,
				47595F2118F14D1A00F2EF9A /* YouLose@2x.png */,
				47595F2218F14D1A00F2EF9A /* YouWin.png */,
				47595F2318F14D1A00F2EF9A /* YouWin@2x.png */,
			);
			path = Backgrounds;
			sourceTree = "<group>";
		};
		47595F2418F14D1A00F2EF9A /* Sounds */ = {
			isa = PBXGroup;
			children = (
				47595F2518F14D1A00F2EF9A /* bgMusic.mp3 */,
				47595F2618F14D1A00F2EF9A /* hitCat.wav */,
				47595F2718F14D1A00F2EF9A /* hitCatLady.wav */,
				47595F2818F14D1A00F2EF9A /* lose.wav */,
				47595F2918F14D1A00F2EF9A /* win.wav */,
			);
			path = Sounds;
			sourceTree = "<group>";
		};
		47595F2A18F14D1A00F2EF9A /* sprites */ = {
			isa = PBXGroup;
			children = (
				47595F2B18F14D1A00F2EF9A /* cat.png */,
				47595F2C18F14D1A00F2EF9A /* cat@2x.png */,
				47595F2D18F14D1A00F2EF9A /* enemy.png */,
				47595F2E18F14D1A00F2EF9A /* enemy@2x.png */,
				47595F2F18F14D1A00F2EF9A /* zombie1.png */,
				47595F3018F14D1A00F2EF9A /* zombie1@2x.png */,
				47595F3118F14D1A00F2EF9A /* zombie2.png */,
				47595F3218F14D1A00F2EF9A /* zombie2@2x.png */,
				47595F3318F14D1A00F2EF9A /* zombie3.png */,
				47595F3418F14D1A00F2EF9A /* zombie3@2x.png */,
				47595F3518F14D1A00F2EF9A /* zombie4.png */,
				47595F3618F14D1A00F2EF9A /* zombie4@2x.png */,
			);
			path = sprites;
			sourceTree = "<group>";
		};
		47C0BB0018EDFA0600F863D4 = {
			isa = PBXGroup;
			children = (
				47C0BB1418EDFA0600F863D4 /* ZombieConga */,
				47C0BB3818EDFA0600F863D4 /* ZombieCongaTests */,
				47C0BB0B18EDFA0600F863D4 /* Frameworks */,
				47C0BB0A18EDFA0600F863D4 /* Products */,
			);
			sourceTree = "<group>";
		};
		47C0BB0A18EDFA0600F863D4 /* Products */ = {
			isa = PBXGroup;
			children = (
				47C0BB0918EDFA0600F863D4 /* ZombieConga.app */,
				47C0BB3118EDFA0600F863D4 /* ZombieCongaTests.xctest */,
			);
			name = Products;
			sourceTree = "<group>";
		};
		47C0BB0B18EDFA0600F863D4 /* Frameworks */ = {
			isa = PBXGroup;
			children = (
				47C0BB0C18EDFA0600F863D4 /* Foundation.framework */,
				47C0BB0E18EDFA0600F863D4 /* CoreGraphics.framework */,
				47C0BB1018EDFA0600F863D4 /* UIKit.framework */,
				47C0BB1218EDFA0600F863D4 /* SpriteKit.framework */,
				47C0BB3218EDFA0600F863D4 /* XCTest.framework */,
			);
			name = Frameworks;
			sourceTree = "<group>";
		};
		47C0BB1418EDFA0600F863D4 /* ZombieConga */ = {
			isa = PBXGroup;
			children = (
				47C0BB1D18EDFA0600F863D4 /* PNAppDelegate.h */,
				47C0BB1E18EDFA0600F863D4 /* PNAppDelegate.m */,
				47C0BB2018EDFA0600F863D4 /* Main.storyboard */,
				47C0BB2318EDFA0600F863D4 /* PNViewController.h */,
				47C0BB2418EDFA0600F863D4 /* PNViewController.m */,
				47C0BB2618EDFA0600F863D4 /* PNMyScene.h */,
				47C0BB2718EDFA0600F863D4 /* PNMyScene.m */,
				4757A171190136D5001F2112 /* PNMainMenuScene.h */,
				4757A172190136D5001F2112 /* PNMainMenuScene.m */,
				4757A16E19004969001F2112 /* PNGameOverScene.h */,
				4757A16F19004969001F2112 /* PNGameOverScene.m */,
				47C0BB2B18EDFA0600F863D4 /* Images.xcassets */,
				47595F1818F14D1A00F2EF9A /* Art */,
				47C0BB1518EDFA0600F863D4 /* Supporting Files */,
				4757A17519014779001F2112 /* Crashlytics.framework */,
			);
			path = ZombieConga;
			sourceTree = "<group>";
		};
		47C0BB1518EDFA0600F863D4 /* Supporting Files */ = {
			isa = PBXGroup;
			children = (
				47C0BB1618EDFA0600F863D4 /* ZombieConga-Info.plist */,
				47C0BB1718EDFA0600F863D4 /* InfoPlist.strings */,
				47C0BB1A18EDFA0600F863D4 /* main.m */,
				47C0BB1C18EDFA0600F863D4 /* ZombieConga-Prefix.pch */,
			);
			name = "Supporting Files";
			sourceTree = "<group>";
		};
		47C0BB3818EDFA0600F863D4 /* ZombieCongaTests */ = {
			isa = PBXGroup;
			children = (
				47C0BB3E18EDFA0600F863D4 /* ZombieCongaTests.m */,
				47C0BB3918EDFA0600F863D4 /* Supporting Files */,
			);
			path = ZombieCongaTests;
			sourceTree = "<group>";
		};
		47C0BB3918EDFA0600F863D4 /* Supporting Files */ = {
			isa = PBXGroup;
			children = (
				47C0BB3A18EDFA0600F863D4 /* ZombieCongaTests-Info.plist */,
				47C0BB3B18EDFA0600F863D4 /* InfoPlist.strings */,
			);
			name = "Supporting Files";
			sourceTree = "<group>";
		};
/* End PBXGroup section */

/* Begin PBXNativeTarget section */
		47C0BB0818EDFA0600F863D4 /* ZombieConga */ = {
			isa = PBXNativeTarget;
			buildConfigurationList = 47C0BB4218EDFA0600F863D4 /* Build configuration list for PBXNativeTarget "ZombieConga" */;
			buildPhases = (
				47C0BB0518EDFA0600F863D4 /* Sources */,
				47C0BB0618EDFA0600F863D4 /* Frameworks */,
				47C0BB0718EDFA0600F863D4 /* Resources */,
				4757A17419014744001F2112 /* Run Script */,
			);
			buildRules = (
			);
			dependencies = (
			);
			name = ZombieConga;
			productName = ZombieConga;
			productReference = 47C0BB0918EDFA0600F863D4 /* ZombieConga.app */;
			productType = "com.apple.product-type.application";
		};
		47C0BB3018EDFA0600F863D4 /* ZombieCongaTests */ = {
			isa = PBXNativeTarget;
			buildConfigurationList = 47C0BB4518EDFA0600F863D4 /* Build configuration list for PBXNativeTarget "ZombieCongaTests" */;
			buildPhases = (
				47C0BB2D18EDFA0600F863D4 /* Sources */,
				47C0BB2E18EDFA0600F863D4 /* Frameworks */,
				47C0BB2F18EDFA0600F863D4 /* Resources */,
			);
			buildRules = (
			);
			dependencies = (
				47C0BB3718EDFA0600F863D4 /* PBXTargetDependency */,
			);
			name = ZombieCongaTests;
			productName = ZombieCongaTests;
			productReference = 47C0BB3118EDFA0600F863D4 /* ZombieCongaTests.xctest */;
			productType = "com.apple.product-type.bundle.unit-test";
		};
/* End PBXNativeTarget section */

/* Begin PBXProject section */
		47C0BB0118EDFA0600F863D4 /* Project object */ = {
			isa = PBXProject;
			attributes = {
				CLASSPREFIX = PN;
				LastUpgradeCheck = 0510;
				ORGANIZATIONNAME = "___FULLUSERNAME___";
				TargetAttributes = {
					47C0BB3018EDFA0600F863D4 = {
						TestTargetID = 47C0BB0818EDFA0600F863D4;
					};
				};
			};
			buildConfigurationList = 47C0BB0418EDFA0600F863D4 /* Build configuration list for PBXProject "ZombieConga" */;
			compatibilityVersion = "Xcode 3.2";
			developmentRegion = English;
			hasScannedForEncodings = 0;
			knownRegions = (
				en,
				Base,
			);
			mainGroup = 47C0BB0018EDFA0600F863D4;
			productRefGroup = 47C0BB0A18EDFA0600F863D4 /* Products */;
			projectDirPath = "";
			projectRoot = "";
			targets = (
				47C0BB0818EDFA0600F863D4 /* ZombieConga */,
				47C0BB3018EDFA0600F863D4 /* ZombieCongaTests */,
			);
		};
/* End PBXProject section */

/* Begin PBXResourcesBuildPhase section */
		47C0BB0718EDFA0600F863D4 /* Resources */ = {
			isa = PBXResourcesBuildPhase;
			buildActionMask = 2147483647;
			files = (
				47595F3718F14D1A00F2EF9A /* background (Charlie Fulton's conflicted copy 2013-10-22).png in Resources */,
				47595F3B18F14D1A00F2EF9A /* MainMenu.png in Resources */,
				47595F4818F14D1A00F2EF9A /* enemy.png in Resources */,
				47595F4118F14D1A00F2EF9A /* bgMusic.mp3 in Resources */,
				47595F5118F14D1A00F2EF9A /* zombie4@2x.png in Resources */,
				47595F4218F14D1A00F2EF9A /* hitCat.wav in Resources */,
				47595F3C18F14D1A00F2EF9A /* MainMenu@2x.png in Resources */,
				47595F3818F14D1A00F2EF9A /* background.png in Resources */,
				47C0BB1918EDFA0600F863D4 /* InfoPlist.strings in Resources */,
				47595F3918F14D1A00F2EF9A /* background@2x (Charlie Fulton's conflicted copy 2013-10-22).png in Resources */,
				47595F3D18F14D1A00F2EF9A /* YouLose.png in Resources */,
				47595F4C18F14D1A00F2EF9A /* zombie2.png in Resources */,
				47595F4018F14D1A00F2EF9A /* YouWin@2x.png in Resources */,
				47595F4618F14D1A00F2EF9A /* cat.png in Resources */,
				47595F3E18F14D1A00F2EF9A /* YouLose@2x.png in Resources */,
				47595F4D18F14D1A00F2EF9A /* zombie2@2x.png in Resources */,
				47595F4A18F14D1A00F2EF9A /* zombie1.png in Resources */,
				47595F5018F14D1A00F2EF9A /* zombie4.png in Resources */,
				47595F3F18F14D1A00F2EF9A /* YouWin.png in Resources */,
				47595F4518F14D1A00F2EF9A /* win.wav in Resources */,
				47C0BB2C18EDFA0600F863D4 /* Images.xcassets in Resources */,
				47595F4B18F14D1A00F2EF9A /* zombie1@2x.png in Resources */,
				47595F4718F14D1A00F2EF9A /* cat@2x.png in Resources */,
				47595F3A18F14D1A00F2EF9A /* background@2x.png in Resources */,
				47595F4F18F14D1A00F2EF9A /* zombie3@2x.png in Resources */,
				47595F4418F14D1A00F2EF9A /* lose.wav in Resources */,
				47C0BB2218EDFA0600F863D4 /* Main.storyboard in Resources */,
				47595F4318F14D1A00F2EF9A /* hitCatLady.wav in Resources */,
				47595F4918F14D1A00F2EF9A /* enemy@2x.png in Resources */,
				47595F4E18F14D1A00F2EF9A /* zombie3.png in Resources */,
			);
			runOnlyForDeploymentPostprocessing = 0;
		};
		47C0BB2F18EDFA0600F863D4 /* Resources */ = {
			isa = PBXResourcesBuildPhase;
			buildActionMask = 2147483647;
			files = (
				47C0BB3D18EDFA0600F863D4 /* InfoPlist.strings in Resources */,
			);
			runOnlyForDeploymentPostprocessing = 0;
		};
/* End PBXResourcesBuildPhase section */

/* Begin PBXShellScriptBuildPhase section */
		4757A17419014744001F2112 /* Run Script */ = {
			isa = PBXShellScriptBuildPhase;
			buildActionMask = 2147483647;
			files = (
			);
			inputPaths = (
			);
			name = "Run Script";
			outputPaths = (
			);
			runOnlyForDeploymentPostprocessing = 0;
			shellPath = /bin/sh;
			shellScript = "./Crashlytics.framework/run 9a53b5405f12ff78db3eadae8477efb458a65245 37c36e368b0e8be80b7a60febbad5e5a580bd5095e3ec5068c462668a258ddc9";
		};
/* End PBXShellScriptBuildPhase section */

/* Begin PBXSourcesBuildPhase section */
		47C0BB0518EDFA0600F863D4 /* Sources */ = {
			isa = PBXSourcesBuildPhase;
			buildActionMask = 2147483647;
			files = (
				47C0BB2818EDFA0600F863D4 /* PNMyScene.m in Sources */,
				47C0BB1F18EDFA0600F863D4 /* PNAppDelegate.m in Sources */,
				4757A173190136D5001F2112 /* PNMainMenuScene.m in Sources */,
				4757A17019004969001F2112 /* PNGameOverScene.m in Sources */,
				47C0BB2518EDFA0600F863D4 /* PNViewController.m in Sources */,
				47C0BB1B18EDFA0600F863D4 /* main.m in Sources */,
			);
			runOnlyForDeploymentPostprocessing = 0;
		};
		47C0BB2D18EDFA0600F863D4 /* Sources */ = {
			isa = PBXSourcesBuildPhase;
			buildActionMask = 2147483647;
			files = (
				47C0BB3F18EDFA0600F863D4 /* ZombieCongaTests.m in Sources */,
			);
			runOnlyForDeploymentPostprocessing = 0;
		};
/* End PBXSourcesBuildPhase section */

/* Begin PBXTargetDependency section */
		47C0BB3718EDFA0600F863D4 /* PBXTargetDependency */ = {
			isa = PBXTargetDependency;
			target = 47C0BB0818EDFA0600F863D4 /* ZombieConga */;
			targetProxy = 47C0BB3618EDFA0600F863D4 /* PBXContainerItemProxy */;
		};
/* End PBXTargetDependency section */

/* Begin PBXVariantGroup section */
		47C0BB1718EDFA0600F863D4 /* InfoPlist.strings */ = {
			isa = PBXVariantGroup;
			children = (
				47C0BB1818EDFA0600F863D4 /* en */,
			);
			name = InfoPlist.strings;
			sourceTree = "<group>";
		};
		47C0BB2018EDFA0600F863D4 /* Main.storyboard */ = {
			isa = PBXVariantGroup;
			children = (
				47C0BB2118EDFA0600F863D4 /* Base */,
			);
			name = Main.storyboard;
			sourceTree = "<group>";
		};
		47C0BB3B18EDFA0600F863D4 /* InfoPlist.strings */ = {
			isa = PBXVariantGroup;
			children = (
				47C0BB3C18EDFA0600F863D4 /* en */,
			);
			name = InfoPlist.strings;
			sourceTree = "<group>";
		};
/* End PBXVariantGroup section */

/* Begin XCBuildConfiguration section */
		47C0BB4018EDFA0600F863D4 /* Debug */ = {
			isa = XCBuildConfiguration;
			buildSettings = {
				ALWAYS_SEARCH_USER_PATHS = NO;
				CLANG_CXX_LANGUAGE_STANDARD = "gnu++0x";
				CLANG_CXX_LIBRARY = "libc++";
				CLANG_ENABLE_MODULES = YES;
				CLANG_ENABLE_OBJC_ARC = YES;
				CLANG_WARN_BOOL_CONVERSION = YES;
				CLANG_WARN_CONSTANT_CONVERSION = YES;
				CLANG_WARN_DIRECT_OBJC_ISA_USAGE = YES_ERROR;
				CLANG_WARN_EMPTY_BODY = YES;
				CLANG_WARN_ENUM_CONVERSION = YES;
				CLANG_WARN_INT_CONVERSION = YES;
				CLANG_WARN_OBJC_ROOT_CLASS = YES_ERROR;
				CLANG_WARN__DUPLICATE_METHOD_MATCH = YES;
				"CODE_SIGN_IDENTITY[sdk=iphoneos*]" = "iPhone Developer";
				COPY_PHASE_STRIP = NO;
				GCC_C_LANGUAGE_STANDARD = gnu99;
				GCC_DYNAMIC_NO_PIC = NO;
				GCC_OPTIMIZATION_LEVEL = 0;
				GCC_PREPROCESSOR_DEFINITIONS = (
					"DEBUG=1",
					"$(inherited)",
				);
				GCC_SYMBOLS_PRIVATE_EXTERN = NO;
				GCC_WARN_64_TO_32_BIT_CONVERSION = YES;
				GCC_WARN_ABOUT_RETURN_TYPE = YES_ERROR;
				GCC_WARN_UNDECLARED_SELECTOR = YES;
				GCC_WARN_UNINITIALIZED_AUTOS = YES_AGGRESSIVE;
				GCC_WARN_UNUSED_FUNCTION = YES;
				GCC_WARN_UNUSED_VARIABLE = YES;
				IPHONEOS_DEPLOYMENT_TARGET = 7.1;
				ONLY_ACTIVE_ARCH = YES;
				SDKROOT = iphoneos;
			};
			name = Debug;
		};
		47C0BB4118EDFA0600F863D4 /* Release */ = {
			isa = XCBuildConfiguration;
			buildSettings = {
				ALWAYS_SEARCH_USER_PATHS = NO;
				CLANG_CXX_LANGUAGE_STANDARD = "gnu++0x";
				CLANG_CXX_LIBRARY = "libc++";
				CLANG_ENABLE_MODULES = YES;
				CLANG_ENABLE_OBJC_ARC = YES;
				CLANG_WARN_BOOL_CONVERSION = YES;
				CLANG_WARN_CONSTANT_CONVERSION = YES;
				CLANG_WARN_DIRECT_OBJC_ISA_USAGE = YES_ERROR;
				CLANG_WARN_EMPTY_BODY = YES;
				CLANG_WARN_ENUM_CONVERSION = YES;
				CLANG_WARN_INT_CONVERSION = YES;
				CLANG_WARN_OBJC_ROOT_CLASS = YES_ERROR;
				CLANG_WARN__DUPLICATE_METHOD_MATCH = YES;
				"CODE_SIGN_IDENTITY[sdk=iphoneos*]" = "iPhone Developer";
				COPY_PHASE_STRIP = YES;
				ENABLE_NS_ASSERTIONS = NO;
				GCC_C_LANGUAGE_STANDARD = gnu99;
				GCC_WARN_64_TO_32_BIT_CONVERSION = YES;
				GCC_WARN_ABOUT_RETURN_TYPE = YES_ERROR;
				GCC_WARN_UNDECLARED_SELECTOR = YES;
				GCC_WARN_UNINITIALIZED_AUTOS = YES_AGGRESSIVE;
				GCC_WARN_UNUSED_FUNCTION = YES;
				GCC_WARN_UNUSED_VARIABLE = YES;
				IPHONEOS_DEPLOYMENT_TARGET = 7.1;
				SDKROOT = iphoneos;
				VALIDATE_PRODUCT = YES;
			};
			name = Release;
		};
		47C0BB4318EDFA0600F863D4 /* Debug */ = {
			isa = XCBuildConfiguration;
			buildSettings = {
				ASSETCATALOG_COMPILER_APPICON_NAME = AppIcon;
				ASSETCATALOG_COMPILER_LAUNCHIMAGE_NAME = LaunchImage;
				FRAMEWORK_SEARCH_PATHS = (
					"$(inherited)",
					"$(PROJECT_DIR)/ZombieConga",
				);
				GCC_PRECOMPILE_PREFIX_HEADER = YES;
				GCC_PREFIX_HEADER = "ZombieConga/ZombieConga-Prefix.pch";
				INFOPLIST_FILE = "ZombieConga/ZombieConga-Info.plist";
				IPHONEOS_DEPLOYMENT_TARGET = 7.0;
				PRODUCT_NAME = "$(TARGET_NAME)";
				SPRITEKIT_TEXTURE_ATLAS_OUTPUT = YES;
				WRAPPER_EXTENSION = app;
			};
			name = Debug;
		};
		47C0BB4418EDFA0600F863D4 /* Release */ = {
			isa = XCBuildConfiguration;
			buildSettings = {
				ASSETCATALOG_COMPILER_APPICON_NAME = AppIcon;
				ASSETCATALOG_COMPILER_LAUNCHIMAGE_NAME = LaunchImage;
				FRAMEWORK_SEARCH_PATHS = (
					"$(inherited)",
					"$(PROJECT_DIR)/ZombieConga",
				);
				GCC_PRECOMPILE_PREFIX_HEADER = YES;
				GCC_PREFIX_HEADER = "ZombieConga/ZombieConga-Prefix.pch";
				INFOPLIST_FILE = "ZombieConga/ZombieConga-Info.plist";
				IPHONEOS_DEPLOYMENT_TARGET = 7.0;
				PRODUCT_NAME = "$(TARGET_NAME)";
				SPRITEKIT_TEXTURE_ATLAS_OUTPUT = YES;
				WRAPPER_EXTENSION = app;
			};
			name = Release;
		};
		47C0BB4618EDFA0600F863D4 /* Debug */ = {
			isa = XCBuildConfiguration;
			buildSettings = {
				BUNDLE_LOADER = "$(BUILT_PRODUCTS_DIR)/ZombieConga.app/ZombieConga";
				FRAMEWORK_SEARCH_PATHS = (
					"$(SDKROOT)/Developer/Library/Frameworks",
					"$(inherited)",
					"$(DEVELOPER_FRAMEWORKS_DIR)",
				);
				GCC_PRECOMPILE_PREFIX_HEADER = YES;
				GCC_PREFIX_HEADER = "ZombieConga/ZombieConga-Prefix.pch";
				GCC_PREPROCESSOR_DEFINITIONS = (
					"DEBUG=1",
					"$(inherited)",
				);
				INFOPLIST_FILE = "ZombieCongaTests/ZombieCongaTests-Info.plist";
				PRODUCT_NAME = "$(TARGET_NAME)";
				TEST_HOST = "$(BUNDLE_LOADER)";
				WRAPPER_EXTENSION = xctest;
			};
			name = Debug;
		};
		47C0BB4718EDFA0600F863D4 /* Release */ = {
			isa = XCBuildConfiguration;
			buildSettings = {
				BUNDLE_LOADER = "$(BUILT_PRODUCTS_DIR)/ZombieConga.app/ZombieConga";
				FRAMEWORK_SEARCH_PATHS = (
					"$(SDKROOT)/Developer/Library/Frameworks",
					"$(inherited)",
					"$(DEVELOPER_FRAMEWORKS_DIR)",
				);
				GCC_PRECOMPILE_PREFIX_HEADER = YES;
				GCC_PREFIX_HEADER = "ZombieConga/ZombieConga-Prefix.pch";
				INFOPLIST_FILE = "ZombieCongaTests/ZombieCongaTests-Info.plist";
				PRODUCT_NAME = "$(TARGET_NAME)";
				TEST_HOST = "$(BUNDLE_LOADER)";
				WRAPPER_EXTENSION = xctest;
			};
			name = Release;
		};
/* End XCBuildConfiguration section */

/* Begin XCConfigurationList section */
		47C0BB0418EDFA0600F863D4 /* Build configuration list for PBXProject "ZombieConga" */ = {
			isa = XCConfigurationList;
			buildConfigurations = (
				47C0BB4018EDFA0600F863D4 /* Debug */,
				47C0BB4118EDFA0600F863D4 /* Release */,
			);
			defaultConfigurationIsVisible = 0;
			defaultConfigurationName = Release;
		};
		47C0BB4218EDFA0600F863D4 /* Build configuration list for PBXNativeTarget "ZombieConga" */ = {
			isa = XCConfigurationList;
			buildConfigurations = (
				47C0BB4318EDFA0600F863D4 /* Debug */,
				47C0BB4418EDFA0600F863D4 /* Release */,
			);
			defaultConfigurationIsVisible = 0;
			defaultConfigurationName = Release;
		};
		47C0BB4518EDFA0600F863D4 /* Build configuration list for PBXNativeTarget "ZombieCongaTests" */ = {
			isa = XCConfigurationList;
			buildConfigurations = (
				47C0BB4618EDFA0600F863D4 /* Debug */,
				47C0BB4718EDFA0600F863D4 /* Release */,
			);
			defaultConfigurationIsVisible = 0;
			defaultConfigurationName = Release;
		};
/* End XCConfigurationList section */
	};
	rootObject = 47C0BB0118EDFA0600F863D4 /* Project object */;
}
